
Microsoft Visual Studio Solution File, Format Version 12.00
# Visual Studio Version 17
VisualStudioVersion = 17.14.36221.1 d17.14
MinimumVisualStudioVersion = 10.0.40219.1
Project("{FAE04EC0-301F-11D3-BF4B-00C04F79EFBC}") = "Aula05_AtendenteVirtual", "Aula05_AtendenteVirtual\Aula05_AtendenteVirtual.csproj", "{20D95D6F-9C2E-4924-8F25-5F0AEB962A7E}"
EndProject
Global
	GlobalSection(SolutionConfigurationPlatforms) = preSolution
		Debug|Any CPU = Debug|Any CPU
		Release|Any CPU = Release|Any CPU
	EndGlobalSection
	GlobalSection(ProjectConfigurationPlatforms) = postSolution
		{20D95D6F-9C2E-4924-8F25-5F0AEB962A7E}.Debug|Any CPU.ActiveCfg = Debug|Any CPU
		{20D95D6F-9C2E-4924-8F25-5F0AEB962A7E}.Debug|Any CPU.Build.0 = Debug|Any CPU
		{20D95D6F-9C2E-4924-8F25-5F0AEB962A7E}.Release|Any CPU.ActiveCfg = Release|Any CPU
		{20D95D6F-9C2E-4924-8F25-5F0AEB962A7E}.Release|Any CPU.Build.0 = Release|Any CPU
	EndGlobalSection
	GlobalSection(SolutionProperties) = preSolution
		HideSolutionNode = FALSE
	EndGlobalSection
	GlobalSection(ExtensibilityGlobals) = postSolution
		SolutionGuid = {92BCB754-C7F0-4E46-B2D1-6B2722F77344}
	EndGlobalSection
EndGlobal
