
Microsoft Visual Studio Solution File, Format Version 12.00
# Visual Studio Version 17
VisualStudioVersion = 17.14.36221.1 d17.14
MinimumVisualStudioVersion = 10.0.40219.1
Project("{FAE04EC0-301F-11D3-BF4B-00C04F79EFBC}") = "AgendaApp.API", "AgendaApp.API\AgendaApp.API.csproj", "{F2C9F628-8A6A-42AF-B724-18D6A6CD8603}"
EndProject
Global
	GlobalSection(SolutionConfigurationPlatforms) = preSolution
		Debug|Any CPU = Debug|Any CPU
		Release|Any CPU = Release|Any CPU
	EndGlobalSection
	GlobalSection(ProjectConfigurationPlatforms) = postSolution
		{F2C9F628-8A6A-42AF-B724-18D6A6CD8603}.Debug|Any CPU.ActiveCfg = Debug|Any CPU
		{F2C9F628-8A6A-42AF-B724-18D6A6CD8603}.Debug|Any CPU.Build.0 = Debug|Any CPU
		{F2C9F628-8A6A-42AF-B724-18D6A6CD8603}.Release|Any CPU.ActiveCfg = Release|Any CPU
		{F2C9F628-8A6A-42AF-B724-18D6A6CD8603}.Release|Any CPU.Build.0 = Release|Any CPU
	EndGlobalSection
	GlobalSection(SolutionProperties) = preSolution
		HideSolutionNode = FALSE
	EndGlobalSection
	GlobalSection(ExtensibilityGlobals) = postSolution
		SolutionGuid = {998A625F-CD61-47B5-B7CB-456FF25D9310}
	EndGlobalSection
EndGlobal
